// !$*UTF8*$!
{
	archiveVersion = 1;
	classes = {
	};
	objectVersion = 50;
	objects = {

/* Begin PBXBuildFile section */
		86101C422697E7B500EBB451 /* AnimeHolicApp.swift in Sources */ = {isa = PBXBuildFile; fileRef = 86101C412697E7B500EBB451 /* AnimeHolicApp.swift */; };
		86101C462697E7B600EBB451 /* Assets.xcassets in Resources */ = {isa = PBXBuildFile; fileRef = 86101C452697E7B600EBB451 /* Assets.xcassets */; };
		86101C492697E7B600EBB451 /* Preview Assets.xcassets in Resources */ = {isa = PBXBuildFile; fileRef = 86101C482697E7B600EBB451 /* Preview Assets.xcassets */; };
		86101C552697EAB600EBB451 /* VideosListView.swift in Sources */ = {isa = PBXBuildFile; fileRef = 86101C542697EAB600EBB451 /* VideosListView.swift */; };
		86101C592697EC1400EBB451 /* VideosViewModel.swift in Sources */ = {isa = PBXBuildFile; fileRef = 86101C582697EC1400EBB451 /* VideosViewModel.swift */; };
		86101C5B2697EC9B00EBB451 /* VideoModel.swift in Sources */ = {isa = PBXBuildFile; fileRef = 86101C5A2697EC9B00EBB451 /* VideoModel.swift */; };
		86101C5F2697F0FE00EBB451 /* APICaller.swift in Sources */ = {isa = PBXBuildFile; fileRef = 86101C5E2697F0FE00EBB451 /* APICaller.swift */; };
		86399B44269C06CC00A47312 /* VideoCardPrimary.swift in Sources */ = {isa = PBXBuildFile; fileRef = 86399B43269C06CC00A47312 /* VideoCardPrimary.swift */; };
		86399B46269C10B000A47312 /* VideoSectionPrimary.swift in Sources */ = {isa = PBXBuildFile; fileRef = 86399B45269C10B000A47312 /* VideoSectionPrimary.swift */; };
/* End PBXBuildFile section */

/* Begin PBXFileReference section */
		86101C3E2697E7B500EBB451 /* AnimeHolic.app */ = {isa = PBXFileReference; explicitFileType = wrapper.application; includeInIndex = 0; path = AnimeHolic.app; sourceTree = BUILT_PRODUCTS_DIR; };
		86101C412697E7B500EBB451 /* AnimeHolicApp.swift */ = {isa = PBXFileReference; lastKnownFileType = sourcecode.swift; path = AnimeHolicApp.swift; sourceTree = "<group>"; };
		86101C452697E7B600EBB451 /* Assets.xcassets */ = {isa = PBXFileReference; lastKnownFileType = folder.assetcatalog; path = Assets.xcassets; sourceTree = "<group>"; };
		86101C482697E7B600EBB451 /* Preview Assets.xcassets */ = {isa = PBXFileReference; lastKnownFileType = folder.assetcatalog; path = "Preview Assets.xcassets"; sourceTree = "<group>"; };
		86101C4A2697E7B600EBB451 /* Info.plist */ = {isa = PBXFileReference; lastKnownFileType = text.plist.xml; path = Info.plist; sourceTree = "<group>"; };
		86101C542697EAB600EBB451 /* VideosListView.swift */ = {isa = PBXFileReference; lastKnownFileType = sourcecode.swift; path = VideosListView.swift; sourceTree = "<group>"; };
		86101C582697EC1400EBB451 /* VideosViewModel.swift */ = {isa = PBXFileReference; lastKnownFileType = sourcecode.swift; path = VideosViewModel.swift; sourceTree = "<group>"; };
		86101C5A2697EC9B00EBB451 /* VideoModel.swift */ = {isa = PBXFileReference; lastKnownFileType = sourcecode.swift; path = VideoModel.swift; sourceTree = "<group>"; };
		86101C5E2697F0FE00EBB451 /* APICaller.swift */ = {isa = PBXFileReference; lastKnownFileType = sourcecode.swift; path = APICaller.swift; sourceTree = "<group>"; };
		86399B43269C06CC00A47312 /* VideoCardPrimary.swift */ = {isa = PBXFileReference; lastKnownFileType = sourcecode.swift; path = VideoCardPrimary.swift; sourceTree = "<group>"; };
		86399B45269C10B000A47312 /* VideoSectionPrimary.swift */ = {isa = PBXFileReference; lastKnownFileType = sourcecode.swift; path = VideoSectionPrimary.swift; sourceTree = "<group>"; };
/* End PBXFileReference section */

/* Begin PBXFrameworksBuildPhase section */
		86101C3B2697E7B500EBB451 /* Frameworks */ = {
			isa = PBXFrameworksBuildPhase;
			buildActionMask = 2147483647;
			files = (
			);
			runOnlyForDeploymentPostprocessing = 0;
		};
/* End PBXFrameworksBuildPhase section */

/* Begin PBXGroup section */
		86101C352697E7B500EBB451 = {
			isa = PBXGroup;
			children = (
				86101C402697E7B500EBB451 /* AnimeHolic */,
				86101C3F2697E7B500EBB451 /* Products */,
			);
			sourceTree = "<group>";
		};
		86101C3F2697E7B500EBB451 /* Products */ = {
			isa = PBXGroup;
			children = (
				86101C3E2697E7B500EBB451 /* AnimeHolic.app */,
			);
			name = Products;
			sourceTree = "<group>";
		};
		86101C402697E7B500EBB451 /* AnimeHolic */ = {
			isa = PBXGroup;
			children = (
				86101C5C2697F0D800EBB451 /* Util */,
				86101C522697EA7D00EBB451 /* ViewModels */,
				86101C512697E97A00EBB451 /* Views */,
				86101C502697E97600EBB451 /* Model */,
				86101C412697E7B500EBB451 /* AnimeHolicApp.swift */,
				86101C452697E7B600EBB451 /* Assets.xcassets */,
				86101C4A2697E7B600EBB451 /* Info.plist */,
				86101C472697E7B600EBB451 /* Preview Content */,
			);
			path = AnimeHolic;
			sourceTree = "<group>";
		};
		86101C472697E7B600EBB451 /* Preview Content */ = {
			isa = PBXGroup;
			children = (
				86101C482697E7B600EBB451 /* Preview Assets.xcassets */,
			);
			path = "Preview Content";
			sourceTree = "<group>";
		};
		86101C502697E97600EBB451 /* Model */ = {
			isa = PBXGroup;
			children = (
				86101C5A2697EC9B00EBB451 /* VideoModel.swift */,
			);
			path = Model;
			sourceTree = "<group>";
		};
		86101C512697E97A00EBB451 /* Views */ = {
			isa = PBXGroup;
			children = (
				86101C542697EAB600EBB451 /* VideosListView.swift */,
				86399B43269C06CC00A47312 /* VideoCardPrimary.swift */,
				86399B45269C10B000A47312 /* VideoSectionPrimary.swift */,
			);
			path = Views;
			sourceTree = "<group>";
		};
		86101C522697EA7D00EBB451 /* ViewModels */ = {
			isa = PBXGroup;
			children = (
				86101C582697EC1400EBB451 /* VideosViewModel.swift */,
			);
			path = ViewModels;
			sourceTree = "<group>";
		};
		86101C5C2697F0D800EBB451 /* Util */ = {
			isa = PBXGroup;
			children = (
				86101C5D2697F0F400EBB451 /* Networking */,
			);
			path = Util;
			sourceTree = "<group>";
		};
		86101C5D2697F0F400EBB451 /* Networking */ = {
			isa = PBXGroup;
			children = (
				86101C5E2697F0FE00EBB451 /* APICaller.swift */,
			);
			path = Networking;
			sourceTree = "<group>";
		};
/* End PBXGroup section */

/* Begin PBXNativeTarget section */
		86101C3D2697E7B500EBB451 /* AnimeHolic */ = {
			isa = PBXNativeTarget;
			buildConfigurationList = 86101C4D2697E7B600EBB451 /* Build configuration list for PBXNativeTarget "AnimeHolic" */;
			buildPhases = (
				86101C3A2697E7B500EBB451 /* Sources */,
				86101C3B2697E7B500EBB451 /* Frameworks */,
				86101C3C2697E7B500EBB451 /* Resources */,
			);
			buildRules = (
			);
			dependencies = (
			);
			name = AnimeHolic;
			productName = AnimeHolic;
			productReference = 86101C3E2697E7B500EBB451 /* AnimeHolic.app */;
			productType = "com.apple.product-type.application";
		};
/* End PBXNativeTarget section */

/* Begin PBXProject section */
		86101C362697E7B500EBB451 /* Project object */ = {
			isa = PBXProject;
			attributes = {
				LastSwiftUpdateCheck = 1250;
				LastUpgradeCheck = 1250;
				TargetAttributes = {
					86101C3D2697E7B500EBB451 = {
						CreatedOnToolsVersion = 12.5.1;
					};
				};
			};
			buildConfigurationList = 86101C392697E7B500EBB451 /* Build configuration list for PBXProject "AnimeHolic" */;
			compatibilityVersion = "Xcode 9.3";
			developmentRegion = en;
			hasScannedForEncodings = 0;
			knownRegions = (
				en,
				Base,
			);
			mainGroup = 86101C352697E7B500EBB451;
			productRefGroup = 86101C3F2697E7B500EBB451 /* Products */;
			projectDirPath = "";
			projectRoot = "";
			targets = (
				86101C3D2697E7B500EBB451 /* AnimeHolic */,
			);
		};
/* End PBXProject section */

/* Begin PBXResourcesBuildPhase section */
		86101C3C2697E7B500EBB451 /* Resources */ = {
			isa = PBXResourcesBuildPhase;
			buildActionMask = 2147483647;
			files = (
				86101C492697E7B600EBB451 /* Preview Assets.xcassets in Resources */,
				86101C462697E7B600EBB451 /* Assets.xcassets in Resources */,
			);
			runOnlyForDeploymentPostprocessing = 0;
		};
/* End PBXResourcesBuildPhase section */

/* Begin PBXSourcesBuildPhase section */
		86101C3A2697E7B500EBB451 /* Sources */ = {
			isa = PBXSourcesBuildPhase;
			buildActionMask = 2147483647;
			files = (
				86101C5F2697F0FE00EBB451 /* APICaller.swift in Sources */,
				86101C422697E7B500EBB451 /* AnimeHolicApp.swift in Sources */,
				86399B46269C10B000A47312 /* VideoSectionPrimary.swift in Sources */,
				86101C592697EC1400EBB451 /* VideosViewModel.swift in Sources */,
				86101C5B2697EC9B00EBB451 /* VideoModel.swift in Sources */,
				86101C552697EAB600EBB451 /* VideosListView.swift in Sources */,
				86399B44269C06CC00A47312 /* VideoCardPrimary.swift in Sources */,
			);
			runOnlyForDeploymentPostprocessing = 0;
		};
/* End PBXSourcesBuildPhase section */

/* Begin XCBuildConfiguration section */
		86101C4B2697E7B600EBB451 /* Debug */ = {
			isa = XCBuildConfiguration;
			buildSettings = {
				ALWAYS_SEARCH_USER_PATHS = NO;
				CLANG_ANALYZER_NONNULL = YES;
				CLANG_ANALYZER_NUMBER_OBJECT_CONVERSION = YES_AGGRESSIVE;
				CLANG_CXX_LANGUAGE_STANDARD = "gnu++14";
				CLANG_CXX_LIBRARY = "libc++";
				CLANG_ENABLE_MODULES = YES;
				CLANG_ENABLE_OBJC_ARC = YES;
				CLANG_ENABLE_OBJC_WEAK = YES;
				CLANG_WARN_BLOCK_CAPTURE_AUTORELEASING = YES;
				CLANG_WARN_BOOL_CONVERSION = YES;
				CLANG_WARN_COMMA = YES;
				CLANG_WARN_CONSTANT_CONVERSION = YES;
				CLANG_WARN_DEPRECATED_OBJC_IMPLEMENTATIONS = YES;
				CLANG_WARN_DIRECT_OBJC_ISA_USAGE = YES_ERROR;
				CLANG_WARN_DOCUMENTATION_COMMENTS = YES;
				CLANG_WARN_EMPTY_BODY = YES;
				CLANG_WARN_ENUM_CONVERSION = YES;
				CLANG_WARN_INFINITE_RECURSION = YES;
				CLANG_WARN_INT_CONVERSION = YES;
				CLANG_WARN_NON_LITERAL_NULL_CONVERSION = YES;
				CLANG_WARN_OBJC_IMPLICIT_RETAIN_SELF = YES;
				CLANG_WARN_OBJC_LITERAL_CONVERSION = YES;
				CLANG_WARN_OBJC_ROOT_CLASS = YES_ERROR;
				CLANG_WARN_QUOTED_INCLUDE_IN_FRAMEWORK_HEADER = YES;
				CLANG_WARN_RANGE_LOOP_ANALYSIS = YES;
				CLANG_WARN_STRICT_PROTOTYPES = YES;
				CLANG_WARN_SUSPICIOUS_MOVE = YES;
				CLANG_WARN_UNGUARDED_AVAILABILITY = YES_AGGRESSIVE;
				CLANG_WARN_UNREACHABLE_CODE = YES;
				CLANG_WARN__DUPLICATE_METHOD_MATCH = YES;
				COPY_PHASE_STRIP = NO;
				DEBUG_INFORMATION_FORMAT = dwarf;
				ENABLE_STRICT_OBJC_MSGSEND = YES;
				ENABLE_TESTABILITY = YES;
				GCC_C_LANGUAGE_STANDARD = gnu11;
				GCC_DYNAMIC_NO_PIC = NO;
				GCC_NO_COMMON_BLOCKS = YES;
				GCC_OPTIMIZATION_LEVEL = 0;
				GCC_PREPROCESSOR_DEFINITIONS = (
					"DEBUG=1",
					"$(inherited)",
				);
				GCC_WARN_64_TO_32_BIT_CONVERSION = YES;
				GCC_WARN_ABOUT_RETURN_TYPE = YES_ERROR;
				GCC_WARN_UNDECLARED_SELECTOR = YES;
				GCC_WARN_UNINITIALIZED_AUTOS = YES_AGGRESSIVE;
				GCC_WARN_UNUSED_FUNCTION = YES;
				GCC_WARN_UNUSED_VARIABLE = YES;
				IPHONEOS_DEPLOYMENT_TARGET = 14.5;
				MTL_ENABLE_DEBUG_INFO = INCLUDE_SOURCE;
				MTL_FAST_MATH = YES;
				ONLY_ACTIVE_ARCH = YES;
				SDKROOT = iphoneos;
				SWIFT_ACTIVE_COMPILATION_CONDITIONS = DEBUG;
				SWIFT_OPTIMIZATION_LEVEL = "-Onone";
			};
			name = Debug;
		};
		86101C4C2697E7B600EBB451 /* Release */ = {
			isa = XCBuildConfiguration;
			buildSettings = {
				ALWAYS_SEARCH_USER_PATHS = NO;
				CLANG_ANALYZER_NONNULL = YES;
				CLANG_ANALYZER_NUMBER_OBJECT_CONVERSION = YES_AGGRESSIVE;
				CLANG_CXX_LANGUAGE_STANDARD = "gnu++14";
				CLANG_CXX_LIBRARY = "libc++";
				CLANG_ENABLE_MODULES = YES;
				CLANG_ENABLE_OBJC_ARC = YES;
				CLANG_ENABLE_OBJC_WEAK = YES;
				CLANG_WARN_BLOCK_CAPTURE_AUTORELEASING = YES;
				CLANG_WARN_BOOL_CONVERSION = YES;
				CLANG_WARN_COMMA = YES;
				CLANG_WARN_CONSTANT_CONVERSION = YES;
				CLANG_WARN_DEPRECATED_OBJC_IMPLEMENTATIONS = YES;
				CLANG_WARN_DIRECT_OBJC_ISA_USAGE = YES_ERROR;
				CLANG_WARN_DOCUMENTATION_COMMENTS = YES;
				CLANG_WARN_EMPTY_BODY = YES;
				CLANG_WARN_ENUM_CONVERSION = YES;
				CLANG_WARN_INFINITE_RECURSION = YES;
				CLANG_WARN_INT_CONVERSION = YES;
				CLANG_WARN_NON_LITERAL_NULL_CONVERSION = YES;
				CLANG_WARN_OBJC_IMPLICIT_RETAIN_SELF = YES;
				CLANG_WARN_OBJC_LITERAL_CONVERSION = YES;
				CLANG_WARN_OBJC_ROOT_CLASS = YES_ERROR;
				CLANG_WARN_QUOTED_INCLUDE_IN_FRAMEWORK_HEADER = YES;
				CLANG_WARN_RANGE_LOOP_ANALYSIS = YES;
				CLANG_WARN_STRICT_PROTOTYPES = YES;
				CLANG_WARN_SUSPICIOUS_MOVE = YES;
				CLANG_WARN_UNGUARDED_AVAILABILITY = YES_AGGRESSIVE;
				CLANG_WARN_UNREACHABLE_CODE = YES;
				CLANG_WARN__DUPLICATE_METHOD_MATCH = YES;
				COPY_PHASE_STRIP = NO;
				DEBUG_INFORMATION_FORMAT = "dwarf-with-dsym";
				ENABLE_NS_ASSERTIONS = NO;
				ENABLE_STRICT_OBJC_MSGSEND = YES;
				GCC_C_LANGUAGE_STANDARD = gnu11;
				GCC_NO_COMMON_BLOCKS = YES;
				GCC_WARN_64_TO_32_BIT_CONVERSION = YES;
				GCC_WARN_ABOUT_RETURN_TYPE = YES_ERROR;
				GCC_WARN_UNDECLARED_SELECTOR = YES;
				GCC_WARN_UNINITIALIZED_AUTOS = YES_AGGRESSIVE;
				GCC_WARN_UNUSED_FUNCTION = YES;
				GCC_WARN_UNUSED_VARIABLE = YES;
				IPHONEOS_DEPLOYMENT_TARGET = 14.5;
				MTL_ENABLE_DEBUG_INFO = NO;
				MTL_FAST_MATH = YES;
				SDKROOT = iphoneos;
				SWIFT_COMPILATION_MODE = wholemodule;
				SWIFT_OPTIMIZATION_LEVEL = "-O";
				VALIDATE_PRODUCT = YES;
			};
			name = Release;
		};
		86101C4E2697E7B600EBB451 /* Debug */ = {
			isa = XCBuildConfiguration;
			buildSettings = {
				ASSETCATALOG_COMPILER_APPICON_NAME = AppIcon;
				ASSETCATALOG_COMPILER_GLOBAL_ACCENT_COLOR_NAME = AccentColor;
				CODE_SIGN_STYLE = Automatic;
				DEVELOPMENT_ASSET_PATHS = "\"AnimeHolic/Preview Content\"";
				DEVELOPMENT_TEAM = LR9373A784;
				ENABLE_PREVIEWS = YES;
				INFOPLIST_FILE = AnimeHolic/Info.plist;
				IPHONEOS_DEPLOYMENT_TARGET = 14.0;
				LD_RUNPATH_SEARCH_PATHS = (
					"$(inherited)",
					"@executable_path/Frameworks",
				);
				PRODUCT_BUNDLE_IDENTIFIER = Frankenztein.AnimeHolic;
				PRODUCT_NAME = "$(TARGET_NAME)";
				SWIFT_VERSION = 5.0;
				TARGETED_DEVICE_FAMILY = "1,2";
			};
			name = Debug;
		};
		86101C4F2697E7B600EBB451 /* Release */ = {
			isa = XCBuildConfiguration;
			buildSettings = {
				ASSETCATALOG_COMPILER_APPICON_NAME = AppIcon;
				ASSETCATALOG_COMPILER_GLOBAL_ACCENT_COLOR_NAME = AccentColor;
				CODE_SIGN_STYLE = Automatic;
				DEVELOPMENT_ASSET_PATHS = "\"AnimeHolic/Preview Content\"";
				DEVELOPMENT_TEAM = LR9373A784;
				ENABLE_PREVIEWS = YES;
				INFOPLIST_FILE = AnimeHolic/Info.plist;
				IPHONEOS_DEPLOYMENT_TARGET = 14.0;
				LD_RUNPATH_SEARCH_PATHS = (
					"$(inherited)",
					"@executable_path/Frameworks",
				);
				PRODUCT_BUNDLE_IDENTIFIER = Frankenztein.AnimeHolic;
				PRODUCT_NAME = "$(TARGET_NAME)";
				SWIFT_VERSION = 5.0;
				TARGETED_DEVICE_FAMILY = "1,2";
			};
			name = Release;
		};
/* End XCBuildConfiguration section */

/* Begin XCConfigurationList section */
		86101C392697E7B500EBB451 /* Build configuration list for PBXProject "AnimeHolic" */ = {
			isa = XCConfigurationList;
			buildConfigurations = (
				86101C4B2697E7B600EBB451 /* Debug */,
				86101C4C2697E7B600EBB451 /* Release */,
			);
			defaultConfigurationIsVisible = 0;
			defaultConfigurationName = Release;
		};
		86101C4D2697E7B600EBB451 /* Build configuration list for PBXNativeTarget "AnimeHolic" */ = {
			isa = XCConfigurationList;
			buildConfigurations = (
				86101C4E2697E7B600EBB451 /* Debug */,
				86101C4F2697E7B600EBB451 /* Release */,
			);
			defaultConfigurationIsVisible = 0;
			defaultConfigurationName = Release;
		};
/* End XCConfigurationList section */
	};
	rootObject = 86101C362697E7B500EBB451 /* Project object */;
}
